
Microsoft Visual Studio Solution File, Format Version 12.00
# Visual Studio Version 17
VisualStudioVersion = 17.14.36408.4
MinimumVisualStudioVersion = 10.0.40219.1
Project("{FAE04EC0-301F-11D3-BF4B-00C04F79EFBC}") = "GeoLib.Data", "GeoLib.Data\GeoLib.Data.csproj", "{66A846B8-B9B8-497C-A9C8-2A1C21BAC447}"
EndProject
Project("{FAE04EC0-301F-11D3-BF4B-00C04F79EFBC}") = "GeoLib.Core", "GeoLib.Core\GeoLib.Core.csproj", "{29CFDC54-79F5-49ED-96F2-680F5DA10A32}"
EndProject
Project("{FAE04EC0-301F-11D3-BF4B-00C04F79EFBC}") = "GeoLib.Contracts", "GeoLib.Contracts\GeoLib.Contracts.csproj", "{840328F9-97C7-4B96-8002-130C3220D637}"
EndProject
Project("{FAE04EC0-301F-11D3-BF4B-00C04F79EFBC}") = "GeoLib.Services", "GeoLib.Services\GeoLib.Services.csproj", "{5462339B-15C5-4FB6-A2A0-958551951F17}"
EndProject
Project("{FAE04EC0-301F-11D3-BF4B-00C04F79EFBC}") = "GeoLib.Tests", "GeoLib.Tests\GeoLib.Tests.csproj", "{85232A6D-AD4A-459E-A4ED-13FA4B48A516}"
EndProject
Project("{2150E333-8FDC-42A3-9474-1A3956D46DE8}") = "Hosting", "Hosting", "{02EA681E-C7D8-13C7-8484-4AC65E1B71E8}"
EndProject
Project("{FAE04EC0-301F-11D3-BF4B-00C04F79EFBC}") = "GeoLib.ConsoleHost", "GeoLib.ConsoleHost\GeoLib.ConsoleHost.csproj", "{B3C73328-994B-4E7C-9302-A39F6112732A}"
EndProject
Project("{FAE04EC0-301F-11D3-BF4B-00C04F79EFBC}") = "GeoLib.WebHost", "GeoLib.WebHost\GeoLib.WebHost.csproj", "{74FFBFEB-91E9-4546-BBA7-8EAEACED14EC}"
EndProject
Project("{FAE04EC0-301F-11D3-BF4B-00C04F79EFBC}") = "GeoLib.WindowsHost", "GeoLib.WindowsHost\GeoLib.WindowsHost.csproj", "{504C72A7-A29B-4C1B-9C5D-A5376CCBDE17}"
EndProject
Project("{FAE04EC0-301F-11D3-BF4B-00C04F79EFBC}") = "GeoLib.Client", "GeoLib.Client\GeoLib.Client.csproj", "{70603C84-AD19-46E5-8ED8-524D698B73E1}"
EndProject
Project("{FAE04EC0-301F-11D3-BF4B-00C04F79EFBC}") = "GeoLib.Proxies", "GeoLib.Proxies\GeoLib.Proxies.csproj", "{497B412E-C4BE-49BF-89AC-6730CF8DAB38}"
EndProject
Global
	GlobalSection(SolutionConfigurationPlatforms) = preSolution
		Debug|Any CPU = Debug|Any CPU
		Release|Any CPU = Release|Any CPU
	EndGlobalSection
	GlobalSection(ProjectConfigurationPlatforms) = postSolution
		{66A846B8-B9B8-497C-A9C8-2A1C21BAC447}.Debug|Any CPU.ActiveCfg = Debug|Any CPU
		{66A846B8-B9B8-497C-A9C8-2A1C21BAC447}.Debug|Any CPU.Build.0 = Debug|Any CPU
		{66A846B8-B9B8-497C-A9C8-2A1C21BAC447}.Release|Any CPU.ActiveCfg = Release|Any CPU
		{66A846B8-B9B8-497C-A9C8-2A1C21BAC447}.Release|Any CPU.Build.0 = Release|Any CPU
		{29CFDC54-79F5-49ED-96F2-680F5DA10A32}.Debug|Any CPU.ActiveCfg = Debug|Any CPU
		{29CFDC54-79F5-49ED-96F2-680F5DA10A32}.Debug|Any CPU.Build.0 = Debug|Any CPU
		{29CFDC54-79F5-49ED-96F2-680F5DA10A32}.Release|Any CPU.ActiveCfg = Release|Any CPU
		{29CFDC54-79F5-49ED-96F2-680F5DA10A32}.Release|Any CPU.Build.0 = Release|Any CPU
		{840328F9-97C7-4B96-8002-130C3220D637}.Debug|Any CPU.ActiveCfg = Debug|Any CPU
		{840328F9-97C7-4B96-8002-130C3220D637}.Debug|Any CPU.Build.0 = Debug|Any CPU
		{840328F9-97C7-4B96-8002-130C3220D637}.Release|Any CPU.ActiveCfg = Release|Any CPU
		{840328F9-97C7-4B96-8002-130C3220D637}.Release|Any CPU.Build.0 = Release|Any CPU
		{5462339B-15C5-4FB6-A2A0-958551951F17}.Debug|Any CPU.ActiveCfg = Debug|Any CPU
		{5462339B-15C5-4FB6-A2A0-958551951F17}.Debug|Any CPU.Build.0 = Debug|Any CPU
		{5462339B-15C5-4FB6-A2A0-958551951F17}.Release|Any CPU.ActiveCfg = Release|Any CPU
		{5462339B-15C5-4FB6-A2A0-958551951F17}.Release|Any CPU.Build.0 = Release|Any CPU
		{85232A6D-AD4A-459E-A4ED-13FA4B48A516}.Debug|Any CPU.ActiveCfg = Debug|Any CPU
		{85232A6D-AD4A-459E-A4ED-13FA4B48A516}.Debug|Any CPU.Build.0 = Debug|Any CPU
		{85232A6D-AD4A-459E-A4ED-13FA4B48A516}.Release|Any CPU.ActiveCfg = Release|Any CPU
		{85232A6D-AD4A-459E-A4ED-13FA4B48A516}.Release|Any CPU.Build.0 = Release|Any CPU
		{B3C73328-994B-4E7C-9302-A39F6112732A}.Debug|Any CPU.ActiveCfg = Debug|Any CPU
		{B3C73328-994B-4E7C-9302-A39F6112732A}.Debug|Any CPU.Build.0 = Debug|Any CPU
		{B3C73328-994B-4E7C-9302-A39F6112732A}.Release|Any CPU.ActiveCfg = Release|Any CPU
		{B3C73328-994B-4E7C-9302-A39F6112732A}.Release|Any CPU.Build.0 = Release|Any CPU
		{74FFBFEB-91E9-4546-BBA7-8EAEACED14EC}.Debug|Any CPU.ActiveCfg = Debug|Any CPU
		{74FFBFEB-91E9-4546-BBA7-8EAEACED14EC}.Debug|Any CPU.Build.0 = Debug|Any CPU
		{74FFBFEB-91E9-4546-BBA7-8EAEACED14EC}.Release|Any CPU.ActiveCfg = Release|Any CPU
		{74FFBFEB-91E9-4546-BBA7-8EAEACED14EC}.Release|Any CPU.Build.0 = Release|Any CPU
		{504C72A7-A29B-4C1B-9C5D-A5376CCBDE17}.Debug|Any CPU.ActiveCfg = Debug|Any CPU
		{504C72A7-A29B-4C1B-9C5D-A5376CCBDE17}.Debug|Any CPU.Build.0 = Debug|Any CPU
		{504C72A7-A29B-4C1B-9C5D-A5376CCBDE17}.Release|Any CPU.ActiveCfg = Release|Any CPU
		{504C72A7-A29B-4C1B-9C5D-A5376CCBDE17}.Release|Any CPU.Build.0 = Release|Any CPU
		{70603C84-AD19-46E5-8ED8-524D698B73E1}.Debug|Any CPU.ActiveCfg = Debug|Any CPU
		{70603C84-AD19-46E5-8ED8-524D698B73E1}.Debug|Any CPU.Build.0 = Debug|Any CPU
		{70603C84-AD19-46E5-8ED8-524D698B73E1}.Release|Any CPU.ActiveCfg = Release|Any CPU
		{70603C84-AD19-46E5-8ED8-524D698B73E1}.Release|Any CPU.Build.0 = Release|Any CPU
		{497B412E-C4BE-49BF-89AC-6730CF8DAB38}.Debug|Any CPU.ActiveCfg = Debug|Any CPU
		{497B412E-C4BE-49BF-89AC-6730CF8DAB38}.Debug|Any CPU.Build.0 = Debug|Any CPU
		{497B412E-C4BE-49BF-89AC-6730CF8DAB38}.Release|Any CPU.ActiveCfg = Release|Any CPU
		{497B412E-C4BE-49BF-89AC-6730CF8DAB38}.Release|Any CPU.Build.0 = Release|Any CPU
	EndGlobalSection
	GlobalSection(SolutionProperties) = preSolution
		HideSolutionNode = FALSE
	EndGlobalSection
	GlobalSection(NestedProjects) = preSolution
		{B3C73328-994B-4E7C-9302-A39F6112732A} = {02EA681E-C7D8-13C7-8484-4AC65E1B71E8}
		{74FFBFEB-91E9-4546-BBA7-8EAEACED14EC} = {02EA681E-C7D8-13C7-8484-4AC65E1B71E8}
		{504C72A7-A29B-4C1B-9C5D-A5376CCBDE17} = {02EA681E-C7D8-13C7-8484-4AC65E1B71E8}
	EndGlobalSection
	GlobalSection(ExtensibilityGlobals) = postSolution
		SolutionGuid = {E4076310-C7DF-4F6D-A82A-157424B62CFA}
	EndGlobalSection
EndGlobal
