
Microsoft Visual Studio Solution File, Format Version 12.00
# Visual Studio Version 17
VisualStudioVersion = 17.14.36414.22 d17.14
MinimumVisualStudioVersion = 10.0.40219.1
Project("{FAE04EC0-301F-11D3-BF4B-00C04F79EFBC}") = "GeoLib.ConsoleHost", "GeoLib.ConsoleHost\GeoLib.ConsoleHost.csproj", "{3CD980CC-5A7A-4213-92EE-92CB5D58A143}"
EndProject
Project("{FAE04EC0-301F-11D3-BF4B-00C04F79EFBC}") = "GeoLib.Core", "GeoLib.Core\GeoLib.Core.csproj", "{899CDB56-DAF7-4BA0-931D-627F3D6DAD03}"
EndProject
Global
	GlobalSection(SolutionConfigurationPlatforms) = preSolution
		Debug|Any CPU = Debug|Any CPU
		Release|Any CPU = Release|Any CPU
	EndGlobalSection
	GlobalSection(ProjectConfigurationPlatforms) = postSolution
		{3CD980CC-5A7A-4213-92EE-92CB5D58A143}.Debug|Any CPU.ActiveCfg = Debug|Any CPU
		{3CD980CC-5A7A-4213-92EE-92CB5D58A143}.Debug|Any CPU.Build.0 = Debug|Any CPU
		{3CD980CC-5A7A-4213-92EE-92CB5D58A143}.Release|Any CPU.ActiveCfg = Release|Any CPU
		{3CD980CC-5A7A-4213-92EE-92CB5D58A143}.Release|Any CPU.Build.0 = Release|Any CPU
		{899CDB56-DAF7-4BA0-931D-627F3D6DAD03}.Debug|Any CPU.ActiveCfg = Debug|Any CPU
		{899CDB56-DAF7-4BA0-931D-627F3D6DAD03}.Debug|Any CPU.Build.0 = Debug|Any CPU
		{899CDB56-DAF7-4BA0-931D-627F3D6DAD03}.Release|Any CPU.ActiveCfg = Release|Any CPU
		{899CDB56-DAF7-4BA0-931D-627F3D6DAD03}.Release|Any CPU.Build.0 = Release|Any CPU
	EndGlobalSection
	GlobalSection(SolutionProperties) = preSolution
		HideSolutionNode = FALSE
	EndGlobalSection
	GlobalSection(ExtensibilityGlobals) = postSolution
		SolutionGuid = {7F2BF446-859B-43EB-B8A7-DFCA0C861627}
	EndGlobalSection
EndGlobal
